// !$*UTF8*$!
{
	archiveVersion = 1;
	classes = {
	};
	objectVersion = 46;
	objects = {

/* Begin PBXBuildFile section */
		1B0EC6201DF5FF3700297C8C /* UIColor.swift in Sources */ = {isa = PBXBuildFile; fileRef = 1B0EC61F1DF5FF3700297C8C /* UIColor.swift */; };
		1B0EC6751DF74D7300297C8C /* NewUserInfoViewController.swift in Sources */ = {isa = PBXBuildFile; fileRef = 1B0EC6741DF74D7300297C8C /* NewUserInfoViewController.swift */; };
		1B10965F1DDA50CE00609104 /* AppDelegate.swift in Sources */ = {isa = PBXBuildFile; fileRef = 1B10965E1DDA50CE00609104 /* AppDelegate.swift */; };
		1B1096661DDA50CE00609104 /* Assets.xcassets in Resources */ = {isa = PBXBuildFile; fileRef = 1B1096651DDA50CE00609104 /* Assets.xcassets */; };
		1B1096691DDA50CE00609104 /* LaunchScreen.storyboard in Resources */ = {isa = PBXBuildFile; fileRef = 1B1096671DDA50CE00609104 /* LaunchScreen.storyboard */; };
		1B1096731DDA665B00609104 /* FirebaseAuth.swift in Sources */ = {isa = PBXBuildFile; fileRef = 1B1096721DDA665B00609104 /* FirebaseAuth.swift */; };
		1B10B1A41DE4C8F9006E38A7 /* GeoFire.swift in Sources */ = {isa = PBXBuildFile; fileRef = 1B10B1A31DE4C8F9006E38A7 /* GeoFire.swift */; };
		1B1E94311DEB720E00F7EFEC /* Initiative.swift in Sources */ = {isa = PBXBuildFile; fileRef = 1B1E94301DEB720E00F7EFEC /* Initiative.swift */; };
		1B1E94331DEB733700F7EFEC /* User.swift in Sources */ = {isa = PBXBuildFile; fileRef = 1B1E94321DEB733700F7EFEC /* User.swift */; };
		1B5CB0161DE9D5FF00C090E0 /* FirebaseAPI.swift in Sources */ = {isa = PBXBuildFile; fileRef = 1B5CB0151DE9D5FF00C090E0 /* FirebaseAPI.swift */; };
		8309A9E51DDCE21400484700 /* MapDataStore.swift in Sources */ = {isa = PBXBuildFile; fileRef = 8309A9E41DDCE21400484700 /* MapDataStore.swift */; };
		832662A51DDF541900126B99 /* CustomPointAnnotation.swift in Sources */ = {isa = PBXBuildFile; fileRef = 832662A41DDF541900126B99 /* CustomPointAnnotation.swift */; };
		832662AD1DDF7AEB00126B99 /* MapDataModels.swift in Sources */ = {isa = PBXBuildFile; fileRef = 832662AC1DDF7AEB00126B99 /* MapDataModels.swift */; };
		8326CB281DECD923009EC996 /* DropPinDetailViewController.swift in Sources */ = {isa = PBXBuildFile; fileRef = 8326CB271DECD923009EC996 /* DropPinDetailViewController.swift */; };
		83358AC81DECBC600045B170 /* DropPinDetail.xib in Resources */ = {isa = PBXBuildFile; fileRef = 83358AC71DECBC600045B170 /* DropPinDetail.xib */; };
		83358ACA1DECBD0E0045B170 /* DropPinDetail.swift in Sources */ = {isa = PBXBuildFile; fileRef = 83358AC91DECBD0E0045B170 /* DropPinDetail.swift */; };
		8355FD221DE4CC9C00A30A80 /* LandmarkDetail.xib in Resources */ = {isa = PBXBuildFile; fileRef = 8355FD211DE4CC9C00A30A80 /* LandmarkDetail.xib */; };
		837C2F5A1DE4942500E076C9 /* AppController.swift in Sources */ = {isa = PBXBuildFile; fileRef = 837C2F591DE4942500E076C9 /* AppController.swift */; };
		837C2F631DE4AC9F00E076C9 /* Extensions.swift in Sources */ = {isa = PBXBuildFile; fileRef = 837C2F621DE4AC9F00E076C9 /* Extensions.swift */; };
		83873B031DF3827F00FF71FB /* StartInitiativeNewViewController.swift in Sources */ = {isa = PBXBuildFile; fileRef = 83873B021DF3827F00FF71FB /* StartInitiativeNewViewController.swift */; };
		83873B051DF382E500FF71FB /* FormManager.swift in Sources */ = {isa = PBXBuildFile; fileRef = 83873B041DF382E500FF71FB /* FormManager.swift */; };
		83D2E84B1DE4EF310095C068 /* LandmarkDetail.swift in Sources */ = {isa = PBXBuildFile; fileRef = 83D2E84A1DE4EF310095C068 /* LandmarkDetail.swift */; };
		83E865CA1DECFEC900336BC4 /* DropPinLocation.swift in Sources */ = {isa = PBXBuildFile; fileRef = 83E865C91DECFEC900336BC4 /* DropPinLocation.swift */; };
		83EF6B781DEE0B9B00756913 /* Constants.swift in Sources */ = {isa = PBXBuildFile; fileRef = 83EF6B771DEE0B9B00756913 /* Constants.swift */; };
		923861EB1DF70174007E2140 /* GoogleService-Info.plist in Resources */ = {isa = PBXBuildFile; fileRef = 923861EA1DF70174007E2140 /* GoogleService-Info.plist */; };
		926753A91DEDE2E000256968 /* calendarHTML.html in Resources */ = {isa = PBXBuildFile; fileRef = 926753A81DEDE2E000256968 /* calendarHTML.html */; };
		92764CF01DE34635007115E9 /* MyInitiativesTableViewCell.swift in Sources */ = {isa = PBXBuildFile; fileRef = 92764CEF1DE34635007115E9 /* MyInitiativesTableViewCell.swift */; };
		92764CF61DE37F11007115E9 /* NearbyInitiativesDetailCell.swift in Sources */ = {isa = PBXBuildFile; fileRef = 92764CF51DE37F11007115E9 /* NearbyInitiativesDetailCell.swift */; };
		BC43C33B1DDB89E4000994ED /* NearbyInitiativesTableViewController.swift in Sources */ = {isa = PBXBuildFile; fileRef = BC43C33A1DDB89E4000994ED /* NearbyInitiativesTableViewController.swift */; };
		BC5688C71DEE1DC5005FC0D8 /* LandmarkDetailViewController.swift in Sources */ = {isa = PBXBuildFile; fileRef = 83509E411DE63F9300D8C18B /* LandmarkDetailViewController.swift */; };
		BC5688CB1DEE2242005FC0D8 /* Main.storyboard in Resources */ = {isa = PBXBuildFile; fileRef = BC5688C91DEE2242005FC0D8 /* Main.storyboard */; };
		BC6244E01DDA798D00AE6523 /* InitiativeDetailViewController.swift in Sources */ = {isa = PBXBuildFile; fileRef = BC6244DA1DDA798D00AE6523 /* InitiativeDetailViewController.swift */; };
		BC6244E11DDA798D00AE6523 /* LandmarkDetailTableViewController.swift in Sources */ = {isa = PBXBuildFile; fileRef = BC6244DB1DDA798D00AE6523 /* LandmarkDetailTableViewController.swift */; };
		BC6244E21DDA798D00AE6523 /* LoginScreenViewController.swift in Sources */ = {isa = PBXBuildFile; fileRef = BC6244DC1DDA798D00AE6523 /* LoginScreenViewController.swift */; };
		BC6244E31DDA798D00AE6523 /* MapViewController.swift in Sources */ = {isa = PBXBuildFile; fileRef = BC6244DD1DDA798D00AE6523 /* MapViewController.swift */; };
		BC6244E41DDA798D00AE6523 /* MyInitiativesTableViewController.swift in Sources */ = {isa = PBXBuildFile; fileRef = BC6244DE1DDA798D00AE6523 /* MyInitiativesTableViewController.swift */; };
		BC6244E51DDA798D00AE6523 /* StartInitiativeViewController.swift in Sources */ = {isa = PBXBuildFile; fileRef = BC6244DF1DDA798D00AE6523 /* StartInitiativeViewController.swift */; };
		BC7AAE251DF2037F00B2A5B9 /* ChatContainerViewController.swift in Sources */ = {isa = PBXBuildFile; fileRef = BC7AAE241DF2037F00B2A5B9 /* ChatContainerViewController.swift */; };
		BC87E4A81DDB87E800980939 /* MemberManagementViewController.swift in Sources */ = {isa = PBXBuildFile; fileRef = BC87E4A71DDB87E800980939 /* MemberManagementViewController.swift */; };
		BCAAF03D1DEC859900D78419 /* BadWords.swift in Sources */ = {isa = PBXBuildFile; fileRef = BCAAF03C1DEC859900D78419 /* BadWords.swift */; };
		BCB137B91DE5EBD200C15CDD /* ChatDetailViewController.swift in Sources */ = {isa = PBXBuildFile; fileRef = BCB137B81DE5EBD200C15CDD /* ChatDetailViewController.swift */; };
		C1C17914B89D5C7A8248CE88 /* Pods_LemonHandshake.framework in Frameworks */ = {isa = PBXBuildFile; fileRef = A0F8D053C7AB55B440A09174 /* Pods_LemonHandshake.framework */; };
/* End PBXBuildFile section */

/* Begin PBXFileReference section */
		1B0EC61F1DF5FF3700297C8C /* UIColor.swift */ = {isa = PBXFileReference; fileEncoding = 4; lastKnownFileType = sourcecode.swift; path = UIColor.swift; sourceTree = "<group>"; };
		1B0EC6731DF70B4700297C8C /* LemonHandshake.entitlements */ = {isa = PBXFileReference; lastKnownFileType = text.plist.entitlements; path = LemonHandshake.entitlements; sourceTree = "<group>"; };
		1B0EC6741DF74D7300297C8C /* NewUserInfoViewController.swift */ = {isa = PBXFileReference; fileEncoding = 4; lastKnownFileType = sourcecode.swift; path = NewUserInfoViewController.swift; sourceTree = "<group>"; };
		1B10965B1DDA50CE00609104 /* LemonHandshake.app */ = {isa = PBXFileReference; explicitFileType = wrapper.application; includeInIndex = 0; path = LemonHandshake.app; sourceTree = BUILT_PRODUCTS_DIR; };
		1B10965E1DDA50CE00609104 /* AppDelegate.swift */ = {isa = PBXFileReference; lastKnownFileType = sourcecode.swift; path = AppDelegate.swift; sourceTree = "<group>"; };
		1B1096651DDA50CE00609104 /* Assets.xcassets */ = {isa = PBXFileReference; lastKnownFileType = folder.assetcatalog; path = Assets.xcassets; sourceTree = "<group>"; };
		1B1096681DDA50CE00609104 /* Base */ = {isa = PBXFileReference; lastKnownFileType = file.storyboard; name = Base; path = Base.lproj/LaunchScreen.storyboard; sourceTree = "<group>"; };
		1B10966A1DDA50CE00609104 /* Info.plist */ = {isa = PBXFileReference; lastKnownFileType = text.plist.xml; path = Info.plist; sourceTree = "<group>"; };
		1B1096721DDA665B00609104 /* FirebaseAuth.swift */ = {isa = PBXFileReference; fileEncoding = 4; lastKnownFileType = sourcecode.swift; path = FirebaseAuth.swift; sourceTree = "<group>"; };
		1B10B1A31DE4C8F9006E38A7 /* GeoFire.swift */ = {isa = PBXFileReference; fileEncoding = 4; lastKnownFileType = sourcecode.swift; path = GeoFire.swift; sourceTree = "<group>"; };
		1B1E94301DEB720E00F7EFEC /* Initiative.swift */ = {isa = PBXFileReference; fileEncoding = 4; lastKnownFileType = sourcecode.swift; path = Initiative.swift; sourceTree = "<group>"; };
		1B1E94321DEB733700F7EFEC /* User.swift */ = {isa = PBXFileReference; fileEncoding = 4; lastKnownFileType = sourcecode.swift; path = User.swift; sourceTree = "<group>"; };
		1B5CB0151DE9D5FF00C090E0 /* FirebaseAPI.swift */ = {isa = PBXFileReference; fileEncoding = 4; lastKnownFileType = sourcecode.swift; path = FirebaseAPI.swift; sourceTree = "<group>"; };
		228FA69612FFFB62AF34BA33 /* Pods-LemonHandshake.debug.xcconfig */ = {isa = PBXFileReference; includeInIndex = 1; lastKnownFileType = text.xcconfig; name = "Pods-LemonHandshake.debug.xcconfig"; path = "Pods/Target Support Files/Pods-LemonHandshake/Pods-LemonHandshake.debug.xcconfig"; sourceTree = "<group>"; };
		8309A9E41DDCE21400484700 /* MapDataStore.swift */ = {isa = PBXFileReference; fileEncoding = 4; lastKnownFileType = sourcecode.swift; path = MapDataStore.swift; sourceTree = "<group>"; };
		832662A41DDF541900126B99 /* CustomPointAnnotation.swift */ = {isa = PBXFileReference; fileEncoding = 4; lastKnownFileType = sourcecode.swift; path = CustomPointAnnotation.swift; sourceTree = "<group>"; };
		832662AC1DDF7AEB00126B99 /* MapDataModels.swift */ = {isa = PBXFileReference; fileEncoding = 4; lastKnownFileType = sourcecode.swift; path = MapDataModels.swift; sourceTree = "<group>"; };
		8326CB271DECD923009EC996 /* DropPinDetailViewController.swift */ = {isa = PBXFileReference; fileEncoding = 4; lastKnownFileType = sourcecode.swift; path = DropPinDetailViewController.swift; sourceTree = "<group>"; };
		83358AC71DECBC600045B170 /* DropPinDetail.xib */ = {isa = PBXFileReference; fileEncoding = 4; lastKnownFileType = file.xib; path = DropPinDetail.xib; sourceTree = "<group>"; };
		83358AC91DECBD0E0045B170 /* DropPinDetail.swift */ = {isa = PBXFileReference; fileEncoding = 4; lastKnownFileType = sourcecode.swift; path = DropPinDetail.swift; sourceTree = "<group>"; };
		83509E411DE63F9300D8C18B /* LandmarkDetailViewController.swift */ = {isa = PBXFileReference; fileEncoding = 4; lastKnownFileType = sourcecode.swift; path = LandmarkDetailViewController.swift; sourceTree = "<group>"; };
		8355FD211DE4CC9C00A30A80 /* LandmarkDetail.xib */ = {isa = PBXFileReference; fileEncoding = 4; lastKnownFileType = file.xib; path = LandmarkDetail.xib; sourceTree = "<group>"; };
		837C2F591DE4942500E076C9 /* AppController.swift */ = {isa = PBXFileReference; fileEncoding = 4; lastKnownFileType = sourcecode.swift; path = AppController.swift; sourceTree = "<group>"; };
		837C2F621DE4AC9F00E076C9 /* Extensions.swift */ = {isa = PBXFileReference; fileEncoding = 4; lastKnownFileType = sourcecode.swift; path = Extensions.swift; sourceTree = "<group>"; };
		83873B021DF3827F00FF71FB /* StartInitiativeNewViewController.swift */ = {isa = PBXFileReference; fileEncoding = 4; lastKnownFileType = sourcecode.swift; path = StartInitiativeNewViewController.swift; sourceTree = "<group>"; };
		83873B041DF382E500FF71FB /* FormManager.swift */ = {isa = PBXFileReference; fileEncoding = 4; lastKnownFileType = sourcecode.swift; path = FormManager.swift; sourceTree = "<group>"; };
		83D2E84A1DE4EF310095C068 /* LandmarkDetail.swift */ = {isa = PBXFileReference; fileEncoding = 4; lastKnownFileType = sourcecode.swift; path = LandmarkDetail.swift; sourceTree = "<group>"; };
		83E865C91DECFEC900336BC4 /* DropPinLocation.swift */ = {isa = PBXFileReference; fileEncoding = 4; lastKnownFileType = sourcecode.swift; path = DropPinLocation.swift; sourceTree = "<group>"; };
		83EF6B771DEE0B9B00756913 /* Constants.swift */ = {isa = PBXFileReference; fileEncoding = 4; lastKnownFileType = sourcecode.swift; path = Constants.swift; sourceTree = "<group>"; };
		923861EA1DF70174007E2140 /* GoogleService-Info.plist */ = {isa = PBXFileReference; fileEncoding = 4; lastKnownFileType = text.plist.xml; path = "GoogleService-Info.plist"; sourceTree = "<group>"; };
		926753A81DEDE2E000256968 /* calendarHTML.html */ = {isa = PBXFileReference; fileEncoding = 4; lastKnownFileType = text.html; path = calendarHTML.html; sourceTree = "<group>"; };
		92764CEF1DE34635007115E9 /* MyInitiativesTableViewCell.swift */ = {isa = PBXFileReference; fileEncoding = 4; lastKnownFileType = sourcecode.swift; path = MyInitiativesTableViewCell.swift; sourceTree = "<group>"; };
		92764CF51DE37F11007115E9 /* NearbyInitiativesDetailCell.swift */ = {isa = PBXFileReference; fileEncoding = 4; lastKnownFileType = sourcecode.swift; path = NearbyInitiativesDetailCell.swift; sourceTree = "<group>"; };
		A0F8D053C7AB55B440A09174 /* Pods_LemonHandshake.framework */ = {isa = PBXFileReference; explicitFileType = wrapper.framework; includeInIndex = 0; path = Pods_LemonHandshake.framework; sourceTree = BUILT_PRODUCTS_DIR; };
		BC43C33A1DDB89E4000994ED /* NearbyInitiativesTableViewController.swift */ = {isa = PBXFileReference; fileEncoding = 4; lastKnownFileType = sourcecode.swift; path = NearbyInitiativesTableViewController.swift; sourceTree = "<group>"; };
		BC5688CA1DEE2242005FC0D8 /* Base */ = {isa = PBXFileReference; lastKnownFileType = file.storyboard; name = Base; path = Base.lproj/Main.storyboard; sourceTree = "<group>"; };
		BC6244DA1DDA798D00AE6523 /* InitiativeDetailViewController.swift */ = {isa = PBXFileReference; fileEncoding = 4; lastKnownFileType = sourcecode.swift; path = InitiativeDetailViewController.swift; sourceTree = "<group>"; };
		BC6244DB1DDA798D00AE6523 /* LandmarkDetailTableViewController.swift */ = {isa = PBXFileReference; fileEncoding = 4; lastKnownFileType = sourcecode.swift; path = LandmarkDetailTableViewController.swift; sourceTree = "<group>"; };
		BC6244DC1DDA798D00AE6523 /* LoginScreenViewController.swift */ = {isa = PBXFileReference; fileEncoding = 4; lastKnownFileType = sourcecode.swift; path = LoginScreenViewController.swift; sourceTree = "<group>"; };
		BC6244DD1DDA798D00AE6523 /* MapViewController.swift */ = {isa = PBXFileReference; fileEncoding = 4; lastKnownFileType = sourcecode.swift; path = MapViewController.swift; sourceTree = "<group>"; };
		BC6244DE1DDA798D00AE6523 /* MyInitiativesTableViewController.swift */ = {isa = PBXFileReference; fileEncoding = 4; lastKnownFileType = sourcecode.swift; path = MyInitiativesTableViewController.swift; sourceTree = "<group>"; };
		BC6244DF1DDA798D00AE6523 /* StartInitiativeViewController.swift */ = {isa = PBXFileReference; fileEncoding = 4; lastKnownFileType = sourcecode.swift; path = StartInitiativeViewController.swift; sourceTree = "<group>"; };
		BC7AAE241DF2037F00B2A5B9 /* ChatContainerViewController.swift */ = {isa = PBXFileReference; fileEncoding = 4; lastKnownFileType = sourcecode.swift; path = ChatContainerViewController.swift; sourceTree = "<group>"; };
		BC87E4A71DDB87E800980939 /* MemberManagementViewController.swift */ = {isa = PBXFileReference; fileEncoding = 4; lastKnownFileType = sourcecode.swift; path = MemberManagementViewController.swift; sourceTree = "<group>"; };
		BCAAF03C1DEC859900D78419 /* BadWords.swift */ = {isa = PBXFileReference; fileEncoding = 4; lastKnownFileType = sourcecode.swift; path = BadWords.swift; sourceTree = "<group>"; };
		BCB137B81DE5EBD200C15CDD /* ChatDetailViewController.swift */ = {isa = PBXFileReference; fileEncoding = 4; lastKnownFileType = sourcecode.swift; path = ChatDetailViewController.swift; sourceTree = "<group>"; };
		BCBA1B331DF74C6900262202 /* en */ = {isa = PBXFileReference; lastKnownFileType = file.storyboard; name = en; path = en.lproj/Main.storyboard; sourceTree = "<group>"; };
		D9D87A0442C341DFD63FA7AE /* Pods-LemonHandshake.release.xcconfig */ = {isa = PBXFileReference; includeInIndex = 1; lastKnownFileType = text.xcconfig; name = "Pods-LemonHandshake.release.xcconfig"; path = "Pods/Target Support Files/Pods-LemonHandshake/Pods-LemonHandshake.release.xcconfig"; sourceTree = "<group>"; };
/* End PBXFileReference section */

/* Begin PBXFrameworksBuildPhase section */
		1B1096581DDA50CE00609104 /* Frameworks */ = {
			isa = PBXFrameworksBuildPhase;
			buildActionMask = 2147483647;
			files = (
				C1C17914B89D5C7A8248CE88 /* Pods_LemonHandshake.framework in Frameworks */,
			);
			runOnlyForDeploymentPostprocessing = 0;
		};
/* End PBXFrameworksBuildPhase section */

/* Begin PBXGroup section */
		1B1096521DDA50CE00609104 = {
			isa = PBXGroup;
			children = (
				1B10965D1DDA50CE00609104 /* LemonHandshake */,
				1B10965C1DDA50CE00609104 /* Products */,
				C71F4DC8BE452E19A820249F /* Pods */,
				A7B4E77D6C3B3FB3CC90B9AB /* Frameworks */,
			);
			sourceTree = "<group>";
		};
		1B10965C1DDA50CE00609104 /* Products */ = {
			isa = PBXGroup;
			children = (
				1B10965B1DDA50CE00609104 /* LemonHandshake.app */,
			);
			name = Products;
			sourceTree = "<group>";
		};
		1B10965D1DDA50CE00609104 /* LemonHandshake */ = {
			isa = PBXGroup;
			children = (
				1B0EC6731DF70B4700297C8C /* LemonHandshake.entitlements */,
				BC5688C91DEE2242005FC0D8 /* Main.storyboard */,
				837C2F641DE4ACB400E076C9 /* Constants */,
				8309AA061DDE04BC00484700 /* Models */,
				1B10965E1DDA50CE00609104 /* AppDelegate.swift */,
				1B10B1A21DE4C8EF006E38A7 /* Firebase */,
				BC87E4A61DDB862F00980939 /* Controllers */,
				83D2E8491DE4ECE30095C068 /* Xibs */,
				1B1096651DDA50CE00609104 /* Assets.xcassets */,
				926753A81DEDE2E000256968 /* calendarHTML.html */,
				1B1096671DDA50CE00609104 /* LaunchScreen.storyboard */,
				923861EA1DF70174007E2140 /* GoogleService-Info.plist */,
				1B10966A1DDA50CE00609104 /* Info.plist */,
			);
			path = LemonHandshake;
			sourceTree = "<group>";
		};
		1B10B1A21DE4C8EF006E38A7 /* Firebase */ = {
			isa = PBXGroup;
			children = (
				1B1096721DDA665B00609104 /* FirebaseAuth.swift */,
				1B10B1A31DE4C8F9006E38A7 /* GeoFire.swift */,
				1B5CB0151DE9D5FF00C090E0 /* FirebaseAPI.swift */,
			);
			name = Firebase;
			sourceTree = "<group>";
		};
		8309AA061DDE04BC00484700 /* Models */ = {
			isa = PBXGroup;
			children = (
				832662A31DDF540600126B99 /* Map Models */,
				1B1E94301DEB720E00F7EFEC /* Initiative.swift */,
				1B1E94321DEB733700F7EFEC /* User.swift */,
			);
			name = Models;
			sourceTree = "<group>";
		};
		832662A31DDF540600126B99 /* Map Models */ = {
			isa = PBXGroup;
			children = (
				832662A41DDF541900126B99 /* CustomPointAnnotation.swift */,
				832662AC1DDF7AEB00126B99 /* MapDataModels.swift */,
				8309A9E41DDCE21400484700 /* MapDataStore.swift */,
				83E865C91DECFEC900336BC4 /* DropPinLocation.swift */,
			);
			name = "Map Models";
			sourceTree = "<group>";
		};
		837C2F641DE4ACB400E076C9 /* Constants */ = {
			isa = PBXGroup;
			children = (
				837C2F621DE4AC9F00E076C9 /* Extensions.swift */,
				83EF6B771DEE0B9B00756913 /* Constants.swift */,
				BCAAF03C1DEC859900D78419 /* BadWords.swift */,
				1B0EC61F1DF5FF3700297C8C /* UIColor.swift */,
			);
			name = Constants;
			sourceTree = "<group>";
		};
		83D2E8491DE4ECE30095C068 /* Xibs */ = {
			isa = PBXGroup;
			children = (
				83D2E84A1DE4EF310095C068 /* LandmarkDetail.swift */,
				8355FD211DE4CC9C00A30A80 /* LandmarkDetail.xib */,
				83358AC91DECBD0E0045B170 /* DropPinDetail.swift */,
				83358AC71DECBC600045B170 /* DropPinDetail.xib */,
			);
			name = Xibs;
			sourceTree = "<group>";
		};
		A7B4E77D6C3B3FB3CC90B9AB /* Frameworks */ = {
			isa = PBXGroup;
			children = (
				A0F8D053C7AB55B440A09174 /* Pods_LemonHandshake.framework */,
			);
			name = Frameworks;
			sourceTree = "<group>";
		};
		BC87E4A61DDB862F00980939 /* Controllers */ = {
			isa = PBXGroup;
			children = (
				1B0EC6741DF74D7300297C8C /* NewUserInfoViewController.swift */,
				BCB137B81DE5EBD200C15CDD /* ChatDetailViewController.swift */,
				BC7AAE241DF2037F00B2A5B9 /* ChatContainerViewController.swift */,
				BC6244DA1DDA798D00AE6523 /* InitiativeDetailViewController.swift */,
				BC6244DB1DDA798D00AE6523 /* LandmarkDetailTableViewController.swift */,
				BC6244DC1DDA798D00AE6523 /* LoginScreenViewController.swift */,
				BC6244DD1DDA798D00AE6523 /* MapViewController.swift */,
				BC6244DF1DDA798D00AE6523 /* StartInitiativeViewController.swift */,
				83873B021DF3827F00FF71FB /* StartInitiativeNewViewController.swift */,
				83873B041DF382E500FF71FB /* FormManager.swift */,
				BC87E4A71DDB87E800980939 /* MemberManagementViewController.swift */,
				837C2F591DE4942500E076C9 /* AppController.swift */,
				8326CB271DECD923009EC996 /* DropPinDetailViewController.swift */,
				83509E411DE63F9300D8C18B /* LandmarkDetailViewController.swift */,
				BC43C33A1DDB89E4000994ED /* NearbyInitiativesTableViewController.swift */,
				92764CF51DE37F11007115E9 /* NearbyInitiativesDetailCell.swift */,
				BC6244DE1DDA798D00AE6523 /* MyInitiativesTableViewController.swift */,
				92764CEF1DE34635007115E9 /* MyInitiativesTableViewCell.swift */,
			);
			name = Controllers;
			sourceTree = "<group>";
		};
		C71F4DC8BE452E19A820249F /* Pods */ = {
			isa = PBXGroup;
			children = (
				228FA69612FFFB62AF34BA33 /* Pods-LemonHandshake.debug.xcconfig */,
				D9D87A0442C341DFD63FA7AE /* Pods-LemonHandshake.release.xcconfig */,
			);
			name = Pods;
			sourceTree = "<group>";
		};
/* End PBXGroup section */

/* Begin PBXNativeTarget section */
		1B10965A1DDA50CE00609104 /* LemonHandshake */ = {
			isa = PBXNativeTarget;
			buildConfigurationList = 1B10966D1DDA50CE00609104 /* Build configuration list for PBXNativeTarget "LemonHandshake" */;
			buildPhases = (
				3C33936C1F8B6801A402DB42 /* [CP] Check Pods Manifest.lock */,
				1B1096571DDA50CE00609104 /* Sources */,
				1B1096581DDA50CE00609104 /* Frameworks */,
				1B1096591DDA50CE00609104 /* Resources */,
				5E7B4EB682E13185972F6286 /* [CP] Embed Pods Frameworks */,
				A776A4A97FC5DF09239099AD /* [CP] Copy Pods Resources */,
			);
			buildRules = (
			);
			dependencies = (
			);
			name = LemonHandshake;
			productName = LemonHandshake;
			productReference = 1B10965B1DDA50CE00609104 /* LemonHandshake.app */;
			productType = "com.apple.product-type.application";
		};
/* End PBXNativeTarget section */

/* Begin PBXProject section */
		1B1096531DDA50CE00609104 /* Project object */ = {
			isa = PBXProject;
			attributes = {
				LastSwiftUpdateCheck = 0810;
				LastUpgradeCheck = 0810;
				ORGANIZATIONNAME = "Flatiron School";
				TargetAttributes = {
					1B10965A1DDA50CE00609104 = {
						CreatedOnToolsVersion = 8.1;
						DevelopmentTeam = GXEX28B97C;
						ProvisioningStyle = Automatic;
						SystemCapabilities = {
							com.apple.Keychain = {
								enabled = 1;
							};
						};
					};
				};
			};
			buildConfigurationList = 1B1096561DDA50CE00609104 /* Build configuration list for PBXProject "LemonHandshake" */;
			compatibilityVersion = "Xcode 3.2";
			developmentRegion = English;
			hasScannedForEncodings = 0;
			knownRegions = (
				en,
				Base,
			);
			mainGroup = 1B1096521DDA50CE00609104;
			productRefGroup = 1B10965C1DDA50CE00609104 /* Products */;
			projectDirPath = "";
			projectRoot = "";
			targets = (
				1B10965A1DDA50CE00609104 /* LemonHandshake */,
			);
		};
/* End PBXProject section */

/* Begin PBXResourcesBuildPhase section */
		1B1096591DDA50CE00609104 /* Resources */ = {
			isa = PBXResourcesBuildPhase;
			buildActionMask = 2147483647;
			files = (
				83358AC81DECBC600045B170 /* DropPinDetail.xib in Resources */,
				923861EB1DF70174007E2140 /* GoogleService-Info.plist in Resources */,
				1B1096691DDA50CE00609104 /* LaunchScreen.storyboard in Resources */,
				1B1096661DDA50CE00609104 /* Assets.xcassets in Resources */,
				926753A91DEDE2E000256968 /* calendarHTML.html in Resources */,
				BC5688CB1DEE2242005FC0D8 /* Main.storyboard in Resources */,
				8355FD221DE4CC9C00A30A80 /* LandmarkDetail.xib in Resources */,
			);
			runOnlyForDeploymentPostprocessing = 0;
		};
/* End PBXResourcesBuildPhase section */

/* Begin PBXShellScriptBuildPhase section */
		3C33936C1F8B6801A402DB42 /* [CP] Check Pods Manifest.lock */ = {
			isa = PBXShellScriptBuildPhase;
			buildActionMask = 2147483647;
			files = (
			);
			inputPaths = (
			);
			name = "[CP] Check Pods Manifest.lock";
			outputPaths = (
			);
			runOnlyForDeploymentPostprocessing = 0;
			shellPath = /bin/sh;
			shellScript = "diff \"${PODS_ROOT}/../Podfile.lock\" \"${PODS_ROOT}/Manifest.lock\" > /dev/null\nif [ $? != 0 ] ; then\n    # print error to STDERR\n    echo \"error: The sandbox is not in sync with the Podfile.lock. Run 'pod install' or update your CocoaPods installation.\" >&2\n    exit 1\nfi\n";
			showEnvVarsInLog = 0;
		};
		5E7B4EB682E13185972F6286 /* [CP] Embed Pods Frameworks */ = {
			isa = PBXShellScriptBuildPhase;
			buildActionMask = 2147483647;
			files = (
			);
			inputPaths = (
			);
			name = "[CP] Embed Pods Frameworks";
			outputPaths = (
			);
			runOnlyForDeploymentPostprocessing = 0;
			shellPath = /bin/sh;
			shellScript = "\"${SRCROOT}/Pods/Target Support Files/Pods-LemonHandshake/Pods-LemonHandshake-frameworks.sh\"\n";
			showEnvVarsInLog = 0;
		};
		A776A4A97FC5DF09239099AD /* [CP] Copy Pods Resources */ = {
			isa = PBXShellScriptBuildPhase;
			buildActionMask = 2147483647;
			files = (
			);
			inputPaths = (
			);
			name = "[CP] Copy Pods Resources";
			outputPaths = (
			);
			runOnlyForDeploymentPostprocessing = 0;
			shellPath = /bin/sh;
			shellScript = "\"${SRCROOT}/Pods/Target Support Files/Pods-LemonHandshake/Pods-LemonHandshake-resources.sh\"\n";
			showEnvVarsInLog = 0;
		};
/* End PBXShellScriptBuildPhase section */

/* Begin PBXSourcesBuildPhase section */
		1B1096571DDA50CE00609104 /* Sources */ = {
			isa = PBXSourcesBuildPhase;
			buildActionMask = 2147483647;
			files = (
				BC5688C71DEE1DC5005FC0D8 /* LandmarkDetailViewController.swift in Sources */,
				1B1096731DDA665B00609104 /* FirebaseAuth.swift in Sources */,
				83E865CA1DECFEC900336BC4 /* DropPinLocation.swift in Sources */,
				BC7AAE251DF2037F00B2A5B9 /* ChatContainerViewController.swift in Sources */,
				837C2F631DE4AC9F00E076C9 /* Extensions.swift in Sources */,
				BC6244E11DDA798D00AE6523 /* LandmarkDetailTableViewController.swift in Sources */,
				1B5CB0161DE9D5FF00C090E0 /* FirebaseAPI.swift in Sources */,
				83873B051DF382E500FF71FB /* FormManager.swift in Sources */,
				83EF6B781DEE0B9B00756913 /* Constants.swift in Sources */,
				8309A9E51DDCE21400484700 /* MapDataStore.swift in Sources */,
				83358ACA1DECBD0E0045B170 /* DropPinDetail.swift in Sources */,
				92764CF01DE34635007115E9 /* MyInitiativesTableViewCell.swift in Sources */,
				BC6244E21DDA798D00AE6523 /* LoginScreenViewController.swift in Sources */,
				1B1E94311DEB720E00F7EFEC /* Initiative.swift in Sources */,
				832662AD1DDF7AEB00126B99 /* MapDataModels.swift in Sources */,
				83873B031DF3827F00FF71FB /* StartInitiativeNewViewController.swift in Sources */,
				1B1E94331DEB733700F7EFEC /* User.swift in Sources */,
				BC43C33B1DDB89E4000994ED /* NearbyInitiativesTableViewController.swift in Sources */,
				1B10965F1DDA50CE00609104 /* AppDelegate.swift in Sources */,
				BC6244E01DDA798D00AE6523 /* InitiativeDetailViewController.swift in Sources */,
				BCB137B91DE5EBD200C15CDD /* ChatDetailViewController.swift in Sources */,
				1B10B1A41DE4C8F9006E38A7 /* GeoFire.swift in Sources */,
				8326CB281DECD923009EC996 /* DropPinDetailViewController.swift in Sources */,
				BC6244E51DDA798D00AE6523 /* StartInitiativeViewController.swift in Sources */,
				1B0EC6751DF74D7300297C8C /* NewUserInfoViewController.swift in Sources */,
				BCAAF03D1DEC859900D78419 /* BadWords.swift in Sources */,
				837C2F5A1DE4942500E076C9 /* AppController.swift in Sources */,
				92764CF61DE37F11007115E9 /* NearbyInitiativesDetailCell.swift in Sources */,
				1B0EC6201DF5FF3700297C8C /* UIColor.swift in Sources */,
				BC87E4A81DDB87E800980939 /* MemberManagementViewController.swift in Sources */,
				BC6244E31DDA798D00AE6523 /* MapViewController.swift in Sources */,
				BC6244E41DDA798D00AE6523 /* MyInitiativesTableViewController.swift in Sources */,
				83D2E84B1DE4EF310095C068 /* LandmarkDetail.swift in Sources */,
				832662A51DDF541900126B99 /* CustomPointAnnotation.swift in Sources */,
			);
			runOnlyForDeploymentPostprocessing = 0;
		};
/* End PBXSourcesBuildPhase section */

/* Begin PBXVariantGroup section */
		1B1096671DDA50CE00609104 /* LaunchScreen.storyboard */ = {
			isa = PBXVariantGroup;
			children = (
				1B1096681DDA50CE00609104 /* Base */,
			);
			name = LaunchScreen.storyboard;
			sourceTree = "<group>";
		};
		BC5688C91DEE2242005FC0D8 /* Main.storyboard */ = {
			isa = PBXVariantGroup;
			children = (
				BC5688CA1DEE2242005FC0D8 /* Base */,
				BCBA1B331DF74C6900262202 /* en */,
			);
			name = Main.storyboard;
			sourceTree = "<group>";
		};
/* End PBXVariantGroup section */

/* Begin XCBuildConfiguration section */
		1B10966B1DDA50CE00609104 /* Debug */ = {
			isa = XCBuildConfiguration;
			buildSettings = {
				ALWAYS_SEARCH_USER_PATHS = NO;
				CLANG_ANALYZER_NONNULL = YES;
				CLANG_CXX_LANGUAGE_STANDARD = "gnu++0x";
				CLANG_CXX_LIBRARY = "libc++";
				CLANG_ENABLE_MODULES = YES;
				CLANG_ENABLE_OBJC_ARC = YES;
				CLANG_WARN_BOOL_CONVERSION = YES;
				CLANG_WARN_CONSTANT_CONVERSION = YES;
				CLANG_WARN_DIRECT_OBJC_ISA_USAGE = YES_ERROR;
				CLANG_WARN_DOCUMENTATION_COMMENTS = YES;
				CLANG_WARN_EMPTY_BODY = YES;
				CLANG_WARN_ENUM_CONVERSION = YES;
				CLANG_WARN_INFINITE_RECURSION = YES;
				CLANG_WARN_INT_CONVERSION = YES;
				CLANG_WARN_OBJC_ROOT_CLASS = YES_ERROR;
				CLANG_WARN_SUSPICIOUS_MOVE = YES;
				CLANG_WARN_SUSPICIOUS_MOVES = YES;
				CLANG_WARN_UNREACHABLE_CODE = YES;
				CLANG_WARN__DUPLICATE_METHOD_MATCH = YES;
				"CODE_SIGN_IDENTITY[sdk=iphoneos*]" = "iPhone Developer";
				COPY_PHASE_STRIP = NO;
				DEBUG_INFORMATION_FORMAT = dwarf;
				ENABLE_STRICT_OBJC_MSGSEND = YES;
				ENABLE_TESTABILITY = YES;
				GCC_C_LANGUAGE_STANDARD = gnu99;
				GCC_DYNAMIC_NO_PIC = NO;
				GCC_NO_COMMON_BLOCKS = YES;
				GCC_OPTIMIZATION_LEVEL = 0;
				GCC_PREPROCESSOR_DEFINITIONS = (
					"DEBUG=1",
					"$(inherited)",
				);
				GCC_WARN_64_TO_32_BIT_CONVERSION = YES;
				GCC_WARN_ABOUT_RETURN_TYPE = YES_ERROR;
				GCC_WARN_UNDECLARED_SELECTOR = YES;
				GCC_WARN_UNINITIALIZED_AUTOS = YES_AGGRESSIVE;
				GCC_WARN_UNUSED_FUNCTION = YES;
				GCC_WARN_UNUSED_VARIABLE = YES;
				IPHONEOS_DEPLOYMENT_TARGET = 10.1;
				MTL_ENABLE_DEBUG_INFO = YES;
				ONLY_ACTIVE_ARCH = YES;
				SDKROOT = iphoneos;
				SWIFT_ACTIVE_COMPILATION_CONDITIONS = DEBUG;
				SWIFT_OPTIMIZATION_LEVEL = "-Onone";
				TARGETED_DEVICE_FAMILY = "1,2";
			};
			name = Debug;
		};
		1B10966C1DDA50CE00609104 /* Release */ = {
			isa = XCBuildConfiguration;
			buildSettings = {
				ALWAYS_SEARCH_USER_PATHS = NO;
				CLANG_ANALYZER_NONNULL = YES;
				CLANG_CXX_LANGUAGE_STANDARD = "gnu++0x";
				CLANG_CXX_LIBRARY = "libc++";
				CLANG_ENABLE_MODULES = YES;
				CLANG_ENABLE_OBJC_ARC = YES;
				CLANG_WARN_BOOL_CONVERSION = YES;
				CLANG_WARN_CONSTANT_CONVERSION = YES;
				CLANG_WARN_DIRECT_OBJC_ISA_USAGE = YES_ERROR;
				CLANG_WARN_DOCUMENTATION_COMMENTS = YES;
				CLANG_WARN_EMPTY_BODY = YES;
				CLANG_WARN_ENUM_CONVERSION = YES;
				CLANG_WARN_INFINITE_RECURSION = YES;
				CLANG_WARN_INT_CONVERSION = YES;
				CLANG_WARN_OBJC_ROOT_CLASS = YES_ERROR;
				CLANG_WARN_SUSPICIOUS_MOVE = YES;
				CLANG_WARN_SUSPICIOUS_MOVES = YES;
				CLANG_WARN_UNREACHABLE_CODE = YES;
				CLANG_WARN__DUPLICATE_METHOD_MATCH = YES;
				"CODE_SIGN_IDENTITY[sdk=iphoneos*]" = "iPhone Developer";
				COPY_PHASE_STRIP = NO;
				DEBUG_INFORMATION_FORMAT = "dwarf-with-dsym";
				ENABLE_NS_ASSERTIONS = NO;
				ENABLE_STRICT_OBJC_MSGSEND = YES;
				GCC_C_LANGUAGE_STANDARD = gnu99;
				GCC_NO_COMMON_BLOCKS = YES;
				GCC_WARN_64_TO_32_BIT_CONVERSION = YES;
				GCC_WARN_ABOUT_RETURN_TYPE = YES_ERROR;
				GCC_WARN_UNDECLARED_SELECTOR = YES;
				GCC_WARN_UNINITIALIZED_AUTOS = YES_AGGRESSIVE;
				GCC_WARN_UNUSED_FUNCTION = YES;
				GCC_WARN_UNUSED_VARIABLE = YES;
				IPHONEOS_DEPLOYMENT_TARGET = 10.1;
				MTL_ENABLE_DEBUG_INFO = NO;
				SDKROOT = iphoneos;
				SWIFT_OPTIMIZATION_LEVEL = "-Owholemodule";
				TARGETED_DEVICE_FAMILY = "1,2";
				VALIDATE_PRODUCT = YES;
			};
			name = Release;
		};
		1B10966E1DDA50CE00609104 /* Debug */ = {
			isa = XCBuildConfiguration;
			baseConfigurationReference = 228FA69612FFFB62AF34BA33 /* Pods-LemonHandshake.debug.xcconfig */;
			buildSettings = {
				ALWAYS_EMBED_SWIFT_STANDARD_LIBRARIES = YES;
				ASSETCATALOG_COMPILER_APPICON_NAME = AppIcon;
				CODE_SIGN_ENTITLEMENTS = LemonHandshake/LemonHandshake.entitlements;
				"CODE_SIGN_IDENTITY[sdk=iphoneos*]" = "iPhone Developer";
				DEVELOPMENT_TEAM = GXEX28B97C;
				INFOPLIST_FILE = LemonHandshake/Info.plist;
				IPHONEOS_DEPLOYMENT_TARGET = 10.1;
				LD_RUNPATH_SEARCH_PATHS = "$(inherited) @executable_path/Frameworks";
				PRODUCT_BUNDLE_IDENTIFIER = com.Flatiron.pinititative;
				PRODUCT_NAME = "$(TARGET_NAME)";
				SWIFT_VERSION = 3.0;
			};
			name = Debug;
		};
		1B10966F1DDA50CE00609104 /* Release */ = {
			isa = XCBuildConfiguration;
			baseConfigurationReference = D9D87A0442C341DFD63FA7AE /* Pods-LemonHandshake.release.xcconfig */;
			buildSettings = {
				ALWAYS_EMBED_SWIFT_STANDARD_LIBRARIES = YES;
				ASSETCATALOG_COMPILER_APPICON_NAME = AppIcon;
				CODE_SIGN_ENTITLEMENTS = LemonHandshake/LemonHandshake.entitlements;
				"CODE_SIGN_IDENTITY[sdk=iphoneos*]" = "iPhone Developer";
				DEVELOPMENT_TEAM = GXEX28B97C;
				INFOPLIST_FILE = LemonHandshake/Info.plist;
				IPHONEOS_DEPLOYMENT_TARGET = 10.1;
				LD_RUNPATH_SEARCH_PATHS = "$(inherited) @executable_path/Frameworks";
				PRODUCT_BUNDLE_IDENTIFIER = com.Flatiron.pinititative;
				PRODUCT_NAME = "$(TARGET_NAME)";
				SWIFT_VERSION = 3.0;
			};
			name = Release;
		};
/* End XCBuildConfiguration section */

/* Begin XCConfigurationList section */
		1B1096561DDA50CE00609104 /* Build configuration list for PBXProject "LemonHandshake" */ = {
			isa = XCConfigurationList;
			buildConfigurations = (
				1B10966B1DDA50CE00609104 /* Debug */,
				1B10966C1DDA50CE00609104 /* Release */,
			);
			defaultConfigurationIsVisible = 0;
			defaultConfigurationName = Release;
		};
		1B10966D1DDA50CE00609104 /* Build configuration list for PBXNativeTarget "LemonHandshake" */ = {
			isa = XCConfigurationList;
			buildConfigurations = (
				1B10966E1DDA50CE00609104 /* Debug */,
				1B10966F1DDA50CE00609104 /* Release */,
			);
			defaultConfigurationIsVisible = 0;
			defaultConfigurationName = Release;
		};
/* End XCConfigurationList section */
	};
	rootObject = 1B1096531DDA50CE00609104 /* Project object */;
}
